github.com/walkure/gatt v0.0.0-20250925154323-e1d404c91f88 h1:6/efoFX4eWN9ZZ6kNVaEwakYVUDmdhHb6XcDQZl3eSU=
github.com/walkure/gatt v0.0.0-20250925154323-e1d404c91f88/go.mod h1:67eoqL/DuZ3/5YWKBDjyGlxxNgEeaVg/JFmrMpdEePQ=
golang.org/x/sys v0.36.0 h1:KVRy2GtZBrk1cBYA7MKu5bEZFxQk4NIDV6RLVcC8o0k=
golang.org/x/sys v0.36.0/go.mod h1:OgkHotnGiDImocRcuBABYBEXf8A9a87e/uXjp9XT3ks=
