github.com/walkure/gatt v0.0.0-20230826124122-ea1bd315cc57 h1:hZPDQB6WxhkLmX0tMW7l2QsfGTVWB2s5h4TU82JST+c=
github.com/walkure/gatt v0.0.0-20230826124122-ea1bd315cc57/go.mod h1:67eoqL/DuZ3/5YWKBDjyGlxxNgEeaVg/JFmrMpdEePQ=
github.com/walkure/gatt v0.0.0-20230826131622-e9b7a408d1e1 h1:aSvB94YoLEMXKfhek+L1iqUJkx+C0tsWZVaD4Jce8+Q=
github.com/walkure/gatt v0.0.0-20230826131622-e9b7a408d1e1/go.mod h1:67eoqL/DuZ3/5YWKBDjyGlxxNgEeaVg/JFmrMpdEePQ=
golang.org/x/sys v0.11.0 h1:eG7RXZHdqOJ1i+0lgLgCpSXAp6M3LYlAo6osgSi0xOM=
golang.org/x/sys v0.11.0/go.mod h1:oPkhp1MJrh7nUepCBck5+mAzfO9JrbApNNgaTdGDITg=
