github.com/walkure/gatt v0.0.0-20231111151851-0747d5a288b9 h1:iYp8/gbQO1SHNheAz9uq/EMHM3tqz2qINLrIFU1lC6U=
github.com/walkure/gatt v0.0.0-20231111151851-0747d5a288b9/go.mod h1:67eoqL/DuZ3/5YWKBDjyGlxxNgEeaVg/JFmrMpdEePQ=
golang.org/x/sys v0.11.0 h1:eG7RXZHdqOJ1i+0lgLgCpSXAp6M3LYlAo6osgSi0xOM=
golang.org/x/sys v0.11.0/go.mod h1:oPkhp1MJrh7nUepCBck5+mAzfO9JrbApNNgaTdGDITg=
